github.com/Sirupsen/logrus v0.8.7 h1:hGa+d4KZNNNDmzAj6vlkeOQsgjrh8zg4EXB81mWoTm4=
github.com/Sirupsen/logrus v0.8.7/go.mod h1:rmk17hk6i8ZSAJkSDa7nOxamrG+SP4P0mm+DAvExv4U=
github.com/cenkalti/hub v1.0.1-0.20150602151022-57d753b5f485/go.mod h1:tcYwtS3a2d9NO/0xDXVJWx3IedurUjYCqFCmpi0lpHs=
github.com/cenkalti/rpc2 v0.0.0-20150604075418-2d1be381ce47/go.mod h1:v2npkhrXyk5BCnkNIiPdRI23Uq6uWPUQGL2hnRcRr/M=
github.com/codegangsta/cli v1.2.0 h1:9+1VK9V1gv4mUd1oDyTcM8UDDlbj2KPFsYdNluIElvM=
github.com/codegangsta/cli v1.2.0/go.mod h1:/qJNoX69yVSKu5o4jLyXAENLRyk1uhi7zkbQ3slBdOA=
github.com/docker/docker v1.9.1 h1:2a6ur8Gs2Ev2oRm7PIExQTDFcOXASgM0JebuO636FlQ=
github.com/docker/docker v1.9.1/go.mod h1:eEKB0N0r5NX/I1kEveEz05bcu8tLC/8azJZsviup8Sk=
github.com/docker/libnetwork v0.0.0-20151125234013-04cc1fa0a89f h1:bAQpwhwVo48z0UCvMzYwuOzL9FA8HFJ+zE7PvVy/HK8=
github.com/docker/libnetwork v0.0.0-20151125234013-04cc1fa0a89f/go.mod h1:93m0aTqz6z+g32wla4l4WxTrdtvBRmVzYRkYvasA5Z8=
github.com/godbus/dbus v0.0.0-20151119164108-9055aba822f5 h1:JI9CsWYricnxhaEdp9QNap2wrHXVL/62Qes2KcaXGQE=
github.com/godbus/dbus v0.0.0-20151119164108-9055aba822f5/go.mod h1:/YcGZj5zSblfDWMMoOzV4fas9FZnQYTkDnsGvmh2Grw=
github.com/gopher-net/dknet v0.0.0-20151128012059-72c72f2ceb6e h1:NaTQEG5CpWjpH7Gtz6F0Zo6RNpGaPR8vZjbENrtWuY8=
github.com/gopher-net/dknet v0.0.0-20151128012059-72c72f2ceb6e/go.mod h1:tew7QF8yLi2/tCJAUA1pr2ID/6IKJihRFfWLKjgudvs=
github.com/opencontainers/runc v0.0.6-0.20151124230036-36015470c2c3 h1:oX5Vmg7TPO9rZUk9SKmqe8feOnSynlCt2R52D18LA+k=
github.com/opencontainers/runc v0.0.6-0.20151124230036-36015470c2c3/go.mod h1:qT5XzbpPznkRYVz/mWwUaVBUv2rmF59PVA73FjuZG0U=
github.com/samalba/dockerclient v0.0.0-20151110192645-82381805d353 h1:oYCO+xvc5O3Vbcf0QoyI2LxBwhoAIFXdURSza3elN5U=
github.com/samalba/dockerclient v0.0.0-20151110192645-82381805d353/go.mod h1:yeYR4SlaRZJct6lwNRKR+qd0CocnxxWDE7Vh5dxsn/w=
github.com/socketplane/libovsdb v0.0.0-20150219002516-58cf01279880 h1:hJWrrvrR9Ipsw8skWD7OrWic/wkva5reUHT0VmjvDcA=
github.com/socketplane/libovsdb v0.0.0-20150219002516-58cf01279880/go.mod h1:wIN7DIpadYHC4aX3+I8xH72uWy71dw3YpTiHvQh3yHg=
github.com/vishvananda/netlink v0.0.0-20151117192157-a57a12c1b1d8 h1:aUHY3lxZ7hgddpYwqy/zee8GXAoPyYztimwWKRZESvQ=
github.com/vishvananda/netlink v0.0.0-20151117192157-a57a12c1b1d8/go.mod h1:+SR5DhBJrl6ZM7CoCKvpw5BKroDKQ+PJqOg65H/2ktk=
